// !$*UTF8*$!
{
	archiveVersion = 1;
	classes = {
	};
	objectVersion = 55;
	objects = {

/* Begin PBXBuildFile section */
		1FD95A8F27D791A000312424 /* AppDelegate.swift in Sources */ = {isa = PBXBuildFile; fileRef = 1FD95A8E27D791A000312424 /* AppDelegate.swift */; };
		1FD95A9327D791A000312424 /* ExchangeViewController.swift in Sources */ = {isa = PBXBuildFile; fileRef = 1FD95A9227D791A000312424 /* ExchangeViewController.swift */; };
		1FD95A9827D791A400312424 /* Assets.xcassets in Resources */ = {isa = PBXBuildFile; fileRef = 1FD95A9727D791A400312424 /* Assets.xcassets */; };
		1FD95A9B27D791A400312424 /* LaunchScreen.storyboard in Resources */ = {isa = PBXBuildFile; fileRef = 1FD95A9927D791A400312424 /* LaunchScreen.storyboard */; };
		1FD95AA627D796B300312424 /* Alamofire in Frameworks */ = {isa = PBXBuildFile; productRef = 1FD95AA527D796B300312424 /* Alamofire */; };
		1FD95AA827D7980600312424 /* Constants.swift in Sources */ = {isa = PBXBuildFile; fileRef = 1FD95AA727D7980600312424 /* Constants.swift */; };
		1FD95AAA27D7A2D600312424 /* CurrenciesList.swift in Sources */ = {isa = PBXBuildFile; fileRef = 1FD95AA927D7A2D600312424 /* CurrenciesList.swift */; };
		1FD95ACD27D88E3C00312424 /* SnapKit in Frameworks */ = {isa = PBXBuildFile; productRef = 1FD95ACC27D88E3C00312424 /* SnapKit */; };
		1FE3413A27D8B96F00C4D870 /* SelectCurrencyViewController.swift in Sources */ = {isa = PBXBuildFile; fileRef = 1FE3413927D8B96F00C4D870 /* SelectCurrencyViewController.swift */; };
		1FE3413C27D8BEC700C4D870 /* CurrencyCell.swift in Sources */ = {isa = PBXBuildFile; fileRef = 1FE3413B27D8BEC700C4D870 /* CurrencyCell.swift */; };
		1FE3414127D8E61B00C4D870 /* ExchangeViewModel.swift in Sources */ = {isa = PBXBuildFile; fileRef = 1FE3414027D8E61B00C4D870 /* ExchangeViewModel.swift */; };
		1FE3414327D8E6B000C4D870 /* Box.swift in Sources */ = {isa = PBXBuildFile; fileRef = 1FE3414227D8E6B000C4D870 /* Box.swift */; };
		1FE3414A27D8E9C300C4D870 /* SelectCurrencyViewModel.swift in Sources */ = {isa = PBXBuildFile; fileRef = 1FE3414927D8E9C300C4D870 /* SelectCurrencyViewModel.swift */; };
		1FE3414D27D8ECF300C4D870 /* CurrencyCellViewModelType.swift in Sources */ = {isa = PBXBuildFile; fileRef = 1FE3414C27D8ECF300C4D870 /* CurrencyCellViewModelType.swift */; };
		1FE3414F27D8ED1D00C4D870 /* CurrencyCellViewModel.swift in Sources */ = {isa = PBXBuildFile; fileRef = 1FE3414E27D8ED1D00C4D870 /* CurrencyCellViewModel.swift */; };
		1FE3415127D8FEBA00C4D870 /* ExchangeRate.swift in Sources */ = {isa = PBXBuildFile; fileRef = 1FE3415027D8FEBA00C4D870 /* ExchangeRate.swift */; };
		75F618AF280014CA0077CE0A /* MVVM+Rx.swift in Sources */ = {isa = PBXBuildFile; fileRef = 75F618AE280014CA0077CE0A /* MVVM+Rx.swift */; };
		CE2E216B27E89B7A0022DF44 /* MVVM+Example.swift in Sources */ = {isa = PBXBuildFile; fileRef = CE2E216927E89B7A0022DF44 /* MVVM+Example.swift */; };
		CE2E216C27E89B7A0022DF44 /* MVVM.swift in Sources */ = {isa = PBXBuildFile; fileRef = CE2E216A27E89B7A0022DF44 /* MVVM.swift */; };
		CE2E216E27E89C1C0022DF44 /* ExchangeViewScreenBuilder.swift in Sources */ = {isa = PBXBuildFile; fileRef = CE2E216D27E89C1C0022DF44 /* ExchangeViewScreenBuilder.swift */; };
		CE2E217027E8A5F90022DF44 /* ExchangeViewRouter.swift in Sources */ = {isa = PBXBuildFile; fileRef = CE2E216F27E8A5F90022DF44 /* ExchangeViewRouter.swift */; };
		CE2E217527E9CD500022DF44 /* RxCocoa in Frameworks */ = {isa = PBXBuildFile; productRef = CE2E217427E9CD500022DF44 /* RxCocoa */; };
		CE2E217727E9CD500022DF44 /* RxSwift in Frameworks */ = {isa = PBXBuildFile; productRef = CE2E217627E9CD500022DF44 /* RxSwift */; };
		CE2E217927E9D3180022DF44 /* SelectCurrencyScreenBuilder.swift in Sources */ = {isa = PBXBuildFile; fileRef = CE2E217827E9D3180022DF44 /* SelectCurrencyScreenBuilder.swift */; };
		CE2E217B27E9DE680022DF44 /* SelectCurrencyRouter.swift in Sources */ = {isa = PBXBuildFile; fileRef = CE2E217A27E9DE680022DF44 /* SelectCurrencyRouter.swift */; };
		CE5857FA28002811004902FB /* CurrencyService.swift in Sources */ = {isa = PBXBuildFile; fileRef = CE5857F928002811004902FB /* CurrencyService.swift */; };
		CE8D095D27F5BC6A003BB3CE /* DataManager.swift in Sources */ = {isa = PBXBuildFile; fileRef = CE8D095C27F5BC6A003BB3CE /* DataManager.swift */; };
		CE8D096127F5BCCC003BB3CE /* DataManagerType.swift in Sources */ = {isa = PBXBuildFile; fileRef = CE8D096027F5BCCC003BB3CE /* DataManagerType.swift */; };
/* End PBXBuildFile section */

/* Begin PBXFileReference section */
		1FD95A8B27D791A000312424 /* Exchange.app */ = {isa = PBXFileReference; explicitFileType = wrapper.application; includeInIndex = 0; path = Exchange.app; sourceTree = BUILT_PRODUCTS_DIR; };
		1FD95A8E27D791A000312424 /* AppDelegate.swift */ = {isa = PBXFileReference; lastKnownFileType = sourcecode.swift; path = AppDelegate.swift; sourceTree = "<group>"; };
		1FD95A9227D791A000312424 /* ExchangeViewController.swift */ = {isa = PBXFileReference; lastKnownFileType = sourcecode.swift; path = ExchangeViewController.swift; sourceTree = "<group>"; };
		1FD95A9727D791A400312424 /* Assets.xcassets */ = {isa = PBXFileReference; lastKnownFileType = folder.assetcatalog; path = Assets.xcassets; sourceTree = "<group>"; };
		1FD95A9A27D791A400312424 /* Base */ = {isa = PBXFileReference; lastKnownFileType = file.storyboard; name = Base; path = Base.lproj/LaunchScreen.storyboard; sourceTree = "<group>"; };
		1FD95A9C27D791A400312424 /* Info.plist */ = {isa = PBXFileReference; lastKnownFileType = text.plist.xml; path = Info.plist; sourceTree = "<group>"; };
		1FD95AA727D7980600312424 /* Constants.swift */ = {isa = PBXFileReference; lastKnownFileType = sourcecode.swift; path = Constants.swift; sourceTree = "<group>"; };
		1FD95AA927D7A2D600312424 /* CurrenciesList.swift */ = {isa = PBXFileReference; lastKnownFileType = sourcecode.swift; path = CurrenciesList.swift; sourceTree = "<group>"; };
		1FE3413927D8B96F00C4D870 /* SelectCurrencyViewController.swift */ = {isa = PBXFileReference; lastKnownFileType = sourcecode.swift; path = SelectCurrencyViewController.swift; sourceTree = "<group>"; };
		1FE3413B27D8BEC700C4D870 /* CurrencyCell.swift */ = {isa = PBXFileReference; lastKnownFileType = sourcecode.swift; path = CurrencyCell.swift; sourceTree = "<group>"; };
		1FE3414027D8E61B00C4D870 /* ExchangeViewModel.swift */ = {isa = PBXFileReference; lastKnownFileType = sourcecode.swift; path = ExchangeViewModel.swift; sourceTree = "<group>"; };
		1FE3414227D8E6B000C4D870 /* Box.swift */ = {isa = PBXFileReference; lastKnownFileType = sourcecode.swift; path = Box.swift; sourceTree = "<group>"; };
		1FE3414927D8E9C300C4D870 /* SelectCurrencyViewModel.swift */ = {isa = PBXFileReference; lastKnownFileType = sourcecode.swift; path = SelectCurrencyViewModel.swift; sourceTree = "<group>"; };
		1FE3414C27D8ECF300C4D870 /* CurrencyCellViewModelType.swift */ = {isa = PBXFileReference; lastKnownFileType = sourcecode.swift; path = CurrencyCellViewModelType.swift; sourceTree = "<group>"; };
		1FE3414E27D8ED1D00C4D870 /* CurrencyCellViewModel.swift */ = {isa = PBXFileReference; lastKnownFileType = sourcecode.swift; path = CurrencyCellViewModel.swift; sourceTree = "<group>"; };
		1FE3415027D8FEBA00C4D870 /* ExchangeRate.swift */ = {isa = PBXFileReference; lastKnownFileType = sourcecode.swift; path = ExchangeRate.swift; sourceTree = "<group>"; };
		75F618AE280014CA0077CE0A /* MVVM+Rx.swift */ = {isa = PBXFileReference; fileEncoding = 4; lastKnownFileType = sourcecode.swift; path = "MVVM+Rx.swift"; sourceTree = "<group>"; };
		CE2E216927E89B7A0022DF44 /* MVVM+Example.swift */ = {isa = PBXFileReference; fileEncoding = 4; lastKnownFileType = sourcecode.swift; path = "MVVM+Example.swift"; sourceTree = "<group>"; };
		CE2E216A27E89B7A0022DF44 /* MVVM.swift */ = {isa = PBXFileReference; fileEncoding = 4; lastKnownFileType = sourcecode.swift; path = MVVM.swift; sourceTree = "<group>"; };
		CE2E216D27E89C1C0022DF44 /* ExchangeViewScreenBuilder.swift */ = {isa = PBXFileReference; lastKnownFileType = sourcecode.swift; path = ExchangeViewScreenBuilder.swift; sourceTree = "<group>"; };
		CE2E216F27E8A5F90022DF44 /* ExchangeViewRouter.swift */ = {isa = PBXFileReference; lastKnownFileType = sourcecode.swift; path = ExchangeViewRouter.swift; sourceTree = "<group>"; };
		CE2E217827E9D3180022DF44 /* SelectCurrencyScreenBuilder.swift */ = {isa = PBXFileReference; lastKnownFileType = sourcecode.swift; path = SelectCurrencyScreenBuilder.swift; sourceTree = "<group>"; };
		CE2E217A27E9DE680022DF44 /* SelectCurrencyRouter.swift */ = {isa = PBXFileReference; lastKnownFileType = sourcecode.swift; path = SelectCurrencyRouter.swift; sourceTree = "<group>"; };
		CE5857F928002811004902FB /* CurrencyService.swift */ = {isa = PBXFileReference; lastKnownFileType = sourcecode.swift; path = CurrencyService.swift; sourceTree = "<group>"; };
		CE8D095C27F5BC6A003BB3CE /* DataManager.swift */ = {isa = PBXFileReference; lastKnownFileType = sourcecode.swift; path = DataManager.swift; sourceTree = "<group>"; };
		CE8D096027F5BCCC003BB3CE /* DataManagerType.swift */ = {isa = PBXFileReference; lastKnownFileType = sourcecode.swift; path = DataManagerType.swift; sourceTree = "<group>"; };
/* End PBXFileReference section */

/* Begin PBXFrameworksBuildPhase section */
		1FD95A8827D791A000312424 /* Frameworks */ = {
			isa = PBXFrameworksBuildPhase;
			buildActionMask = 2147483647;
			files = (
				CE2E217527E9CD500022DF44 /* RxCocoa in Frameworks */,
				1FD95AA627D796B300312424 /* Alamofire in Frameworks */,
				CE2E217727E9CD500022DF44 /* RxSwift in Frameworks */,
				1FD95ACD27D88E3C00312424 /* SnapKit in Frameworks */,
			);
			runOnlyForDeploymentPostprocessing = 0;
		};
/* End PBXFrameworksBuildPhase section */

/* Begin PBXGroup section */
		1FD95A8227D791A000312424 = {
			isa = PBXGroup;
			children = (
				1FD95A8D27D791A000312424 /* Exchange */,
				1FD95A8C27D791A000312424 /* Products */,
			);
			sourceTree = "<group>";
		};
		1FD95A8C27D791A000312424 /* Products */ = {
			isa = PBXGroup;
			children = (
				1FD95A8B27D791A000312424 /* Exchange.app */,
			);
			name = Products;
			sourceTree = "<group>";
		};
		1FD95A8D27D791A000312424 /* Exchange */ = {
			isa = PBXGroup;
			children = (
				1FE3413D27D8E2CC00C4D870 /* ExchangeView */,
				1FE3414427D8E88000C4D870 /* SelectCurrencyView */,
				1FFB371127DE475D00404EC7 /* Services */,
				1FFB371027DE473600404EC7 /* Models */,
				1FFB371327DE479400404EC7 /* Supporting files */,
				1FFB371227DE477600404EC7 /* Storyboards */,
			);
			path = Exchange;
			sourceTree = "<group>";
		};
		1FE3413D27D8E2CC00C4D870 /* ExchangeView */ = {
			isa = PBXGroup;
			children = (
				1FD95A9227D791A000312424 /* ExchangeViewController.swift */,
				1FE3414027D8E61B00C4D870 /* ExchangeViewModel.swift */,
				CE2E216D27E89C1C0022DF44 /* ExchangeViewScreenBuilder.swift */,
				CE2E216F27E8A5F90022DF44 /* ExchangeViewRouter.swift */,
			);
			path = ExchangeView;
			sourceTree = "<group>";
		};
		1FE3414427D8E88000C4D870 /* SelectCurrencyView */ = {
			isa = PBXGroup;
			children = (
				CE2E217827E9D3180022DF44 /* SelectCurrencyScreenBuilder.swift */,
				1FE3413927D8B96F00C4D870 /* SelectCurrencyViewController.swift */,
				1FE3414927D8E9C300C4D870 /* SelectCurrencyViewModel.swift */,
				CE2E217A27E9DE680022DF44 /* SelectCurrencyRouter.swift */,
				1FE3414B27D8ECB000C4D870 /* CurrencyCell */,
			);
			path = SelectCurrencyView;
			sourceTree = "<group>";
		};
		1FE3414B27D8ECB000C4D870 /* CurrencyCell */ = {
			isa = PBXGroup;
			children = (
				1FE3413B27D8BEC700C4D870 /* CurrencyCell.swift */,
				1FE3414C27D8ECF300C4D870 /* CurrencyCellViewModelType.swift */,
				1FE3414E27D8ED1D00C4D870 /* CurrencyCellViewModel.swift */,
			);
			path = CurrencyCell;
			sourceTree = "<group>";
		};
		1FFB371027DE473600404EC7 /* Models */ = {
			isa = PBXGroup;
			children = (
				1FD95AA927D7A2D600312424 /* CurrenciesList.swift */,
				1FE3415027D8FEBA00C4D870 /* ExchangeRate.swift */,
			);
			path = Models;
			sourceTree = "<group>";
		};
		1FFB371127DE475D00404EC7 /* Services */ = {
			isa = PBXGroup;
			children = (
				1FD95AA727D7980600312424 /* Constants.swift */,
				CE8D095C27F5BC6A003BB3CE /* DataManager.swift */,
				CE8D096027F5BCCC003BB3CE /* DataManagerType.swift */,
				CE5857F928002811004902FB /* CurrencyService.swift */,
			);
			path = Services;
			sourceTree = "<group>";
		};
		1FFB371227DE477600404EC7 /* Storyboards */ = {
			isa = PBXGroup;
			children = (
				1FD95A9927D791A400312424 /* LaunchScreen.storyboard */,
			);
			path = Storyboards;
			sourceTree = "<group>";
		};
		1FFB371327DE479400404EC7 /* Supporting files */ = {
			isa = PBXGroup;
			children = (
				CE2E216A27E89B7A0022DF44 /* MVVM.swift */,
				CE2E216927E89B7A0022DF44 /* MVVM+Example.swift */,
				75F618AE280014CA0077CE0A /* MVVM+Rx.swift */,
				1FD95A8E27D791A000312424 /* AppDelegate.swift */,
				1FD95A9727D791A400312424 /* Assets.xcassets */,
				1FD95A9C27D791A400312424 /* Info.plist */,
				1FE3414227D8E6B000C4D870 /* Box.swift */,
			);
			path = "Supporting files";
			sourceTree = "<group>";
		};
/* End PBXGroup section */

/* Begin PBXNativeTarget section */
		1FD95A8A27D791A000312424 /* Exchange */ = {
			isa = PBXNativeTarget;
			buildConfigurationList = 1FD95A9F27D791A400312424 /* Build configuration list for PBXNativeTarget "Exchange" */;
			buildPhases = (
				1FD95A8727D791A000312424 /* Sources */,
				1FD95A8827D791A000312424 /* Frameworks */,
				1FD95A8927D791A000312424 /* Resources */,
			);
			buildRules = (
			);
			dependencies = (
			);
			name = Exchange;
			packageProductDependencies = (
				1FD95AA527D796B300312424 /* Alamofire */,
				1FD95ACC27D88E3C00312424 /* SnapKit */,
				CE2E217427E9CD500022DF44 /* RxCocoa */,
				CE2E217627E9CD500022DF44 /* RxSwift */,
			);
			productName = Exchange;
			productReference = 1FD95A8B27D791A000312424 /* Exchange.app */;
			productType = "com.apple.product-type.application";
		};
/* End PBXNativeTarget section */

/* Begin PBXProject section */
		1FD95A8327D791A000312424 /* Project object */ = {
			isa = PBXProject;
			attributes = {
				BuildIndependentTargetsInParallel = 1;
				LastSwiftUpdateCheck = 1320;
				LastUpgradeCheck = 1320;
				TargetAttributes = {
					1FD95A8A27D791A000312424 = {
						CreatedOnToolsVersion = 13.2.1;
					};
				};
			};
			buildConfigurationList = 1FD95A8627D791A000312424 /* Build configuration list for PBXProject "Exchange" */;
			compatibilityVersion = "Xcode 13.0";
			developmentRegion = en;
			hasScannedForEncodings = 0;
			knownRegions = (
				en,
				Base,
			);
			mainGroup = 1FD95A8227D791A000312424;
			packageReferences = (
				1FD95AA427D796B300312424 /* XCRemoteSwiftPackageReference "Alamofire" */,
				1FD95ACB27D88E3C00312424 /* XCRemoteSwiftPackageReference "SnapKit" */,
				CE2E217327E9CD500022DF44 /* XCRemoteSwiftPackageReference "RxSwift" */,
			);
			productRefGroup = 1FD95A8C27D791A000312424 /* Products */;
			projectDirPath = "";
			projectRoot = "";
			targets = (
				1FD95A8A27D791A000312424 /* Exchange */,
			);
		};
/* End PBXProject section */

/* Begin PBXResourcesBuildPhase section */
		1FD95A8927D791A000312424 /* Resources */ = {
			isa = PBXResourcesBuildPhase;
			buildActionMask = 2147483647;
			files = (
				1FD95A9B27D791A400312424 /* LaunchScreen.storyboard in Resources */,
				1FD95A9827D791A400312424 /* Assets.xcassets in Resources */,
			);
			runOnlyForDeploymentPostprocessing = 0;
		};
/* End PBXResourcesBuildPhase section */

/* Begin PBXSourcesBuildPhase section */
		1FD95A8727D791A000312424 /* Sources */ = {
			isa = PBXSourcesBuildPhase;
			buildActionMask = 2147483647;
			files = (
				CE8D095D27F5BC6A003BB3CE /* DataManager.swift in Sources */,
				1FE3415127D8FEBA00C4D870 /* ExchangeRate.swift in Sources */,
				CE2E217927E9D3180022DF44 /* SelectCurrencyScreenBuilder.swift in Sources */,
				CE2E217B27E9DE680022DF44 /* SelectCurrencyRouter.swift in Sources */,
				1FE3414127D8E61B00C4D870 /* ExchangeViewModel.swift in Sources */,
				1FD95A9327D791A000312424 /* ExchangeViewController.swift in Sources */,
				1FD95A8F27D791A000312424 /* AppDelegate.swift in Sources */,
				1FE3413A27D8B96F00C4D870 /* SelectCurrencyViewController.swift in Sources */,
				1FE3413C27D8BEC700C4D870 /* CurrencyCell.swift in Sources */,
				1FD95AAA27D7A2D600312424 /* CurrenciesList.swift in Sources */,
				1FE3414F27D8ED1D00C4D870 /* CurrencyCellViewModel.swift in Sources */,
				CE2E216C27E89B7A0022DF44 /* MVVM.swift in Sources */,
				CE8D096127F5BCCC003BB3CE /* DataManagerType.swift in Sources */,
				1FE3414D27D8ECF300C4D870 /* CurrencyCellViewModelType.swift in Sources */,
				CE2E216B27E89B7A0022DF44 /* MVVM+Example.swift in Sources */,
				1FE3414A27D8E9C300C4D870 /* SelectCurrencyViewModel.swift in Sources */,
				75F618AF280014CA0077CE0A /* MVVM+Rx.swift in Sources */,
				CE5857FA28002811004902FB /* CurrencyService.swift in Sources */,
				CE2E216E27E89C1C0022DF44 /* ExchangeViewScreenBuilder.swift in Sources */,
				1FD95AA827D7980600312424 /* Constants.swift in Sources */,
				1FE3414327D8E6B000C4D870 /* Box.swift in Sources */,
				CE2E217027E8A5F90022DF44 /* ExchangeViewRouter.swift in Sources */,
			);
			runOnlyForDeploymentPostprocessing = 0;
		};
/* End PBXSourcesBuildPhase section */

/* Begin PBXVariantGroup section */
		1FD95A9927D791A400312424 /* LaunchScreen.storyboard */ = {
			isa = PBXVariantGroup;
			children = (
				1FD95A9A27D791A400312424 /* Base */,
			);
			name = LaunchScreen.storyboard;
			sourceTree = "<group>";
		};
/* End PBXVariantGroup section */

/* Begin XCBuildConfiguration section */
		1FD95A9D27D791A400312424 /* Debug */ = {
			isa = XCBuildConfiguration;
			buildSettings = {
				ALWAYS_SEARCH_USER_PATHS = NO;
				CLANG_ANALYZER_NONNULL = YES;
				CLANG_ANALYZER_NUMBER_OBJECT_CONVERSION = YES_AGGRESSIVE;
				CLANG_CXX_LANGUAGE_STANDARD = "gnu++17";
				CLANG_CXX_LIBRARY = "libc++";
				CLANG_ENABLE_MODULES = YES;
				CLANG_ENABLE_OBJC_ARC = YES;
				CLANG_ENABLE_OBJC_WEAK = YES;
				CLANG_WARN_BLOCK_CAPTURE_AUTORELEASING = YES;
				CLANG_WARN_BOOL_CONVERSION = YES;
				CLANG_WARN_COMMA = YES;
				CLANG_WARN_CONSTANT_CONVERSION = YES;
				CLANG_WARN_DEPRECATED_OBJC_IMPLEMENTATIONS = YES;
				CLANG_WARN_DIRECT_OBJC_ISA_USAGE = YES_ERROR;
				CLANG_WARN_DOCUMENTATION_COMMENTS = YES;
				CLANG_WARN_EMPTY_BODY = YES;
				CLANG_WARN_ENUM_CONVERSION = YES;
				CLANG_WARN_INFINITE_RECURSION = YES;
				CLANG_WARN_INT_CONVERSION = YES;
				CLANG_WARN_NON_LITERAL_NULL_CONVERSION = YES;
				CLANG_WARN_OBJC_IMPLICIT_RETAIN_SELF = YES;
				CLANG_WARN_OBJC_LITERAL_CONVERSION = YES;
				CLANG_WARN_OBJC_ROOT_CLASS = YES_ERROR;
				CLANG_WARN_QUOTED_INCLUDE_IN_FRAMEWORK_HEADER = YES;
				CLANG_WARN_RANGE_LOOP_ANALYSIS = YES;
				CLANG_WARN_STRICT_PROTOTYPES = YES;
				CLANG_WARN_SUSPICIOUS_MOVE = YES;
				CLANG_WARN_UNGUARDED_AVAILABILITY = YES_AGGRESSIVE;
				CLANG_WARN_UNREACHABLE_CODE = YES;
				CLANG_WARN__DUPLICATE_METHOD_MATCH = YES;
				COPY_PHASE_STRIP = NO;
				DEBUG_INFORMATION_FORMAT = dwarf;
				ENABLE_STRICT_OBJC_MSGSEND = YES;
				ENABLE_TESTABILITY = YES;
				GCC_C_LANGUAGE_STANDARD = gnu11;
				GCC_DYNAMIC_NO_PIC = NO;
				GCC_NO_COMMON_BLOCKS = YES;
				GCC_OPTIMIZATION_LEVEL = 0;
				GCC_PREPROCESSOR_DEFINITIONS = (
					"DEBUG=1",
					"$(inherited)",
				);
				GCC_WARN_64_TO_32_BIT_CONVERSION = YES;
				GCC_WARN_ABOUT_RETURN_TYPE = YES_ERROR;
				GCC_WARN_UNDECLARED_SELECTOR = YES;
				GCC_WARN_UNINITIALIZED_AUTOS = YES_AGGRESSIVE;
				GCC_WARN_UNUSED_FUNCTION = YES;
				GCC_WARN_UNUSED_VARIABLE = YES;
				IPHONEOS_DEPLOYMENT_TARGET = 15.2;
				MTL_ENABLE_DEBUG_INFO = INCLUDE_SOURCE;
				MTL_FAST_MATH = YES;
				ONLY_ACTIVE_ARCH = YES;
				SDKROOT = iphoneos;
				SWIFT_ACTIVE_COMPILATION_CONDITIONS = DEBUG;
				SWIFT_OPTIMIZATION_LEVEL = "-Onone";
			};
			name = Debug;
		};
		1FD95A9E27D791A400312424 /* Release */ = {
			isa = XCBuildConfiguration;
			buildSettings = {
				ALWAYS_SEARCH_USER_PATHS = NO;
				CLANG_ANALYZER_NONNULL = YES;
				CLANG_ANALYZER_NUMBER_OBJECT_CONVERSION = YES_AGGRESSIVE;
				CLANG_CXX_LANGUAGE_STANDARD = "gnu++17";
				CLANG_CXX_LIBRARY = "libc++";
				CLANG_ENABLE_MODULES = YES;
				CLANG_ENABLE_OBJC_ARC = YES;
				CLANG_ENABLE_OBJC_WEAK = YES;
				CLANG_WARN_BLOCK_CAPTURE_AUTORELEASING = YES;
				CLANG_WARN_BOOL_CONVERSION = YES;
				CLANG_WARN_COMMA = YES;
				CLANG_WARN_CONSTANT_CONVERSION = YES;
				CLANG_WARN_DEPRECATED_OBJC_IMPLEMENTATIONS = YES;
				CLANG_WARN_DIRECT_OBJC_ISA_USAGE = YES_ERROR;
				CLANG_WARN_DOCUMENTATION_COMMENTS = YES;
				CLANG_WARN_EMPTY_BODY = YES;
				CLANG_WARN_ENUM_CONVERSION = YES;
				CLANG_WARN_INFINITE_RECURSION = YES;
				CLANG_WARN_INT_CONVERSION = YES;
				CLANG_WARN_NON_LITERAL_NULL_CONVERSION = YES;
				CLANG_WARN_OBJC_IMPLICIT_RETAIN_SELF = YES;
				CLANG_WARN_OBJC_LITERAL_CONVERSION = YES;
				CLANG_WARN_OBJC_ROOT_CLASS = YES_ERROR;
				CLANG_WARN_QUOTED_INCLUDE_IN_FRAMEWORK_HEADER = YES;
				CLANG_WARN_RANGE_LOOP_ANALYSIS = YES;
				CLANG_WARN_STRICT_PROTOTYPES = YES;
				CLANG_WARN_SUSPICIOUS_MOVE = YES;
				CLANG_WARN_UNGUARDED_AVAILABILITY = YES_AGGRESSIVE;
				CLANG_WARN_UNREACHABLE_CODE = YES;
				CLANG_WARN__DUPLICATE_METHOD_MATCH = YES;
				COPY_PHASE_STRIP = NO;
				DEBUG_INFORMATION_FORMAT = "dwarf-with-dsym";
				ENABLE_NS_ASSERTIONS = NO;
				ENABLE_STRICT_OBJC_MSGSEND = YES;
				GCC_C_LANGUAGE_STANDARD = gnu11;
				GCC_NO_COMMON_BLOCKS = YES;
				GCC_WARN_64_TO_32_BIT_CONVERSION = YES;
				GCC_WARN_ABOUT_RETURN_TYPE = YES_ERROR;
				GCC_WARN_UNDECLARED_SELECTOR = YES;
				GCC_WARN_UNINITIALIZED_AUTOS = YES_AGGRESSIVE;
				GCC_WARN_UNUSED_FUNCTION = YES;
				GCC_WARN_UNUSED_VARIABLE = YES;
				IPHONEOS_DEPLOYMENT_TARGET = 15.2;
				MTL_ENABLE_DEBUG_INFO = NO;
				MTL_FAST_MATH = YES;
				SDKROOT = iphoneos;
				SWIFT_COMPILATION_MODE = wholemodule;
				SWIFT_OPTIMIZATION_LEVEL = "-O";
				VALIDATE_PRODUCT = YES;
			};
			name = Release;
		};
		1FD95AA027D791A400312424 /* Debug */ = {
			isa = XCBuildConfiguration;
			buildSettings = {
				ASSETCATALOG_COMPILER_APPICON_NAME = AppIcon;
				ASSETCATALOG_COMPILER_GLOBAL_ACCENT_COLOR_NAME = AccentColor;
				CODE_SIGN_STYLE = Automatic;
				CURRENT_PROJECT_VERSION = 1;
				DEVELOPMENT_TEAM = JKCU96H3SQ;
				GENERATE_INFOPLIST_FILE = YES;
				INFOPLIST_FILE = "Exchange/Supporting files/Info.plist";
				INFOPLIST_KEY_UIApplicationSupportsIndirectInputEvents = YES;
				INFOPLIST_KEY_UILaunchStoryboardName = LaunchScreen;
				INFOPLIST_KEY_UISupportedInterfaceOrientations = UIInterfaceOrientationPortrait;
				INFOPLIST_KEY_UISupportedInterfaceOrientations_iPad = "UIInterfaceOrientationPortrait UIInterfaceOrientationPortraitUpsideDown UIInterfaceOrientationLandscapeLeft UIInterfaceOrientationLandscapeRight";
				INFOPLIST_KEY_UISupportedInterfaceOrientations_iPhone = "UIInterfaceOrientationPortrait UIInterfaceOrientationLandscapeLeft UIInterfaceOrientationLandscapeRight";
				IPHONEOS_DEPLOYMENT_TARGET = 12.0;
				LD_RUNPATH_SEARCH_PATHS = (
					"$(inherited)",
					"@executable_path/Frameworks",
				);
				MARKETING_VERSION = 1.0;
				PRODUCT_BUNDLE_IDENTIFIER = nikolaev.Exchange;
				PRODUCT_NAME = "$(TARGET_NAME)";
				SWIFT_COMPILATION_MODE = wholemodule;
				SWIFT_EMIT_LOC_STRINGS = YES;
				SWIFT_VERSION = 5.0;
				TARGETED_DEVICE_FAMILY = 1;
			};
			name = Debug;
		};
		1FD95AA127D791A400312424 /* Release */ = {
			isa = XCBuildConfiguration;
			buildSettings = {
				ASSETCATALOG_COMPILER_APPICON_NAME = AppIcon;
				ASSETCATALOG_COMPILER_GLOBAL_ACCENT_COLOR_NAME = AccentColor;
				CODE_SIGN_STYLE = Automatic;
				CURRENT_PROJECT_VERSION = 1;
				DEVELOPMENT_TEAM = JKCU96H3SQ;
				GENERATE_INFOPLIST_FILE = YES;
				INFOPLIST_FILE = "Exchange/Supporting files/Info.plist";
				INFOPLIST_KEY_UIApplicationSupportsIndirectInputEvents = YES;
				INFOPLIST_KEY_UILaunchStoryboardName = LaunchScreen;
				INFOPLIST_KEY_UISupportedInterfaceOrientations = UIInterfaceOrientationPortrait;
				INFOPLIST_KEY_UISupportedInterfaceOrientations_iPad = "UIInterfaceOrientationPortrait UIInterfaceOrientationPortraitUpsideDown UIInterfaceOrientationLandscapeLeft UIInterfaceOrientationLandscapeRight";
				INFOPLIST_KEY_UISupportedInterfaceOrientations_iPhone = "UIInterfaceOrientationPortrait UIInterfaceOrientationLandscapeLeft UIInterfaceOrientationLandscapeRight";
				IPHONEOS_DEPLOYMENT_TARGET = 12.0;
				LD_RUNPATH_SEARCH_PATHS = (
					"$(inherited)",
					"@executable_path/Frameworks",
				);
				MARKETING_VERSION = 1.0;
				PRODUCT_BUNDLE_IDENTIFIER = nikolaev.Exchange;
				PRODUCT_NAME = "$(TARGET_NAME)";
				SWIFT_COMPILATION_MODE = wholemodule;
				SWIFT_EMIT_LOC_STRINGS = YES;
				SWIFT_VERSION = 5.0;
				TARGETED_DEVICE_FAMILY = 1;
			};
			name = Release;
		};
/* End XCBuildConfiguration section */

/* Begin XCConfigurationList section */
		1FD95A8627D791A000312424 /* Build configuration list for PBXProject "Exchange" */ = {
			isa = XCConfigurationList;
			buildConfigurations = (
				1FD95A9D27D791A400312424 /* Debug */,
				1FD95A9E27D791A400312424 /* Release */,
			);
			defaultConfigurationIsVisible = 0;
			defaultConfigurationName = Release;
		};
		1FD95A9F27D791A400312424 /* Build configuration list for PBXNativeTarget "Exchange" */ = {
			isa = XCConfigurationList;
			buildConfigurations = (
				1FD95AA027D791A400312424 /* Debug */,
				1FD95AA127D791A400312424 /* Release */,
			);
			defaultConfigurationIsVisible = 0;
			defaultConfigurationName = Release;
		};
/* End XCConfigurationList section */

/* Begin XCRemoteSwiftPackageReference section */
		1FD95AA427D796B300312424 /* XCRemoteSwiftPackageReference "Alamofire" */ = {
			isa = XCRemoteSwiftPackageReference;
			repositoryURL = "https://github.com/Alamofire/Alamofire";
			requirement = {
				branch = master;
				kind = branch;
			};
		};
		1FD95ACB27D88E3C00312424 /* XCRemoteSwiftPackageReference "SnapKit" */ = {
			isa = XCRemoteSwiftPackageReference;
			repositoryURL = "https://github.com/SnapKit/SnapKit";
			requirement = {
				branch = develop;
				kind = branch;
			};
		};
		CE2E217327E9CD500022DF44 /* XCRemoteSwiftPackageReference "RxSwift" */ = {
			isa = XCRemoteSwiftPackageReference;
			repositoryURL = "https://github.com/ReactiveX/RxSwift";
			requirement = {
				kind = upToNextMajorVersion;
				minimumVersion = 6.0.0;
			};
		};
/* End XCRemoteSwiftPackageReference section */

/* Begin XCSwiftPackageProductDependency section */
		1FD95AA527D796B300312424 /* Alamofire */ = {
			isa = XCSwiftPackageProductDependency;
			package = 1FD95AA427D796B300312424 /* XCRemoteSwiftPackageReference "Alamofire" */;
			productName = Alamofire;
		};
		1FD95ACC27D88E3C00312424 /* SnapKit */ = {
			isa = XCSwiftPackageProductDependency;
			package = 1FD95ACB27D88E3C00312424 /* XCRemoteSwiftPackageReference "SnapKit" */;
			productName = SnapKit;
		};
		CE2E217427E9CD500022DF44 /* RxCocoa */ = {
			isa = XCSwiftPackageProductDependency;
			package = CE2E217327E9CD500022DF44 /* XCRemoteSwiftPackageReference "RxSwift" */;
			productName = RxCocoa;
		};
		CE2E217627E9CD500022DF44 /* RxSwift */ = {
			isa = XCSwiftPackageProductDependency;
			package = CE2E217327E9CD500022DF44 /* XCRemoteSwiftPackageReference "RxSwift" */;
			productName = RxSwift;
		};
/* End XCSwiftPackageProductDependency section */
	};
	rootObject = 1FD95A8327D791A000312424 /* Project object */;
}
